// !$*UTF8*$!
{
	archiveVersion = 1;
	classes = {
	};
	objectVersion = 55;
	objects = {

/* Begin PBXBuildFile section */
		E14797482707499300C01B0F /* Note+CoreDataClass.swift in Sources */ = {isa = PBXBuildFile; fileRef = E14797462707499300C01B0F /* Note+CoreDataClass.swift */; };
		E14797492707499300C01B0F /* Note+CoreDataProperties.swift in Sources */ = {isa = PBXBuildFile; fileRef = E14797472707499300C01B0F /* Note+CoreDataProperties.swift */; };
		E151D3B62706E5F30032444E /* AppDelegate.swift in Sources */ = {isa = PBXBuildFile; fileRef = E151D3B52706E5F30032444E /* AppDelegate.swift */; };
		E151D3B82706E5F30032444E /* SceneDelegate.swift in Sources */ = {isa = PBXBuildFile; fileRef = E151D3B72706E5F30032444E /* SceneDelegate.swift */; };
		E151D3C02706E5F30032444E /* Notes.xcdatamodeld in Sources */ = {isa = PBXBuildFile; fileRef = E151D3BE2706E5F30032444E /* Notes.xcdatamodeld */; };
		E151D3C22706E5F40032444E /* Assets.xcassets in Resources */ = {isa = PBXBuildFile; fileRef = E151D3C12706E5F40032444E /* Assets.xcassets */; };
		E151D3C52706E5F40032444E /* LaunchScreen.storyboard in Resources */ = {isa = PBXBuildFile; fileRef = E151D3C32706E5F40032444E /* LaunchScreen.storyboard */; };
		E1837CC22706F36300643EA8 /* MyNotesView.swift in Sources */ = {isa = PBXBuildFile; fileRef = E1837CC12706F36300643EA8 /* MyNotesView.swift */; };
		E1837CC42706F38E00643EA8 /* MyNotesViewController.swift in Sources */ = {isa = PBXBuildFile; fileRef = E1837CC32706F38E00643EA8 /* MyNotesViewController.swift */; };
/* End PBXBuildFile section */

/* Begin PBXFileReference section */
		E14797462707499300C01B0F /* Note+CoreDataClass.swift */ = {isa = PBXFileReference; lastKnownFileType = sourcecode.swift; path = "Note+CoreDataClass.swift"; sourceTree = "<group>"; };
		E14797472707499300C01B0F /* Note+CoreDataProperties.swift */ = {isa = PBXFileReference; lastKnownFileType = sourcecode.swift; path = "Note+CoreDataProperties.swift"; sourceTree = "<group>"; };
		E151D3B22706E5F30032444E /* Notes.app */ = {isa = PBXFileReference; explicitFileType = wrapper.application; includeInIndex = 0; path = Notes.app; sourceTree = BUILT_PRODUCTS_DIR; };
		E151D3B52706E5F30032444E /* AppDelegate.swift */ = {isa = PBXFileReference; lastKnownFileType = sourcecode.swift; path = AppDelegate.swift; sourceTree = "<group>"; };
		E151D3B72706E5F30032444E /* SceneDelegate.swift */ = {isa = PBXFileReference; lastKnownFileType = sourcecode.swift; path = SceneDelegate.swift; sourceTree = "<group>"; };
		E151D3BF2706E5F30032444E /* Notes.xcdatamodel */ = {isa = PBXFileReference; lastKnownFileType = wrapper.xcdatamodel; path = Notes.xcdatamodel; sourceTree = "<group>"; };
		E151D3C12706E5F40032444E /* Assets.xcassets */ = {isa = PBXFileReference; lastKnownFileType = folder.assetcatalog; path = Assets.xcassets; sourceTree = "<group>"; };
		E151D3C42706E5F40032444E /* Base */ = {isa = PBXFileReference; lastKnownFileType = file.storyboard; name = Base; path = Base.lproj/LaunchScreen.storyboard; sourceTree = "<group>"; };
		E151D3C62706E5F40032444E /* Info.plist */ = {isa = PBXFileReference; lastKnownFileType = text.plist.xml; path = Info.plist; sourceTree = "<group>"; };
		E1837CC12706F36300643EA8 /* MyNotesView.swift */ = {isa = PBXFileReference; lastKnownFileType = sourcecode.swift; path = MyNotesView.swift; sourceTree = "<group>"; };
		E1837CC32706F38E00643EA8 /* MyNotesViewController.swift */ = {isa = PBXFileReference; lastKnownFileType = sourcecode.swift; path = MyNotesViewController.swift; sourceTree = "<group>"; };
/* End PBXFileReference section */

/* Begin PBXFrameworksBuildPhase section */
		E151D3AF2706E5F30032444E /* Frameworks */ = {
			isa = PBXFrameworksBuildPhase;
			buildActionMask = 2147483647;
			files = (
			);
			runOnlyForDeploymentPostprocessing = 0;
		};
/* End PBXFrameworksBuildPhase section */

/* Begin PBXGroup section */
		E151D3A92706E5F30032444E = {
			isa = PBXGroup;
			children = (
				E151D3B42706E5F30032444E /* Notes */,
				E151D3B32706E5F30032444E /* Products */,
			);
			sourceTree = "<group>";
		};
		E151D3B32706E5F30032444E /* Products */ = {
			isa = PBXGroup;
			children = (
				E151D3B22706E5F30032444E /* Notes.app */,
			);
			name = Products;
			sourceTree = "<group>";
		};
		E151D3B42706E5F30032444E /* Notes */ = {
			isa = PBXGroup;
			children = (
				E19161002706ED5000EFC56F /* Application */,
				E19160FB2706EC2700EFC56F /* Model */,
				E19160FD2706EC4400EFC56F /* View */,
				E19160FF2706EC9900EFC56F /* Controller */,
				E19160FE2706EC4C00EFC56F /* ViewModel */,
				E19161012706ED7200EFC56F /* Others */,
				E151D3BE2706E5F30032444E /* Notes.xcdatamodeld */,
			);
			path = Notes;
			sourceTree = "<group>";
		};
		E1837CBF2706F34700643EA8 /* MyNotes */ = {
			isa = PBXGroup;
			children = (
				E1837CC12706F36300643EA8 /* MyNotesView.swift */,
			);
			path = MyNotes;
			sourceTree = "<group>";
		};
		E1837CC02706F35400643EA8 /* MyNotes */ = {
			isa = PBXGroup;
			children = (
				E1837CC32706F38E00643EA8 /* MyNotesViewController.swift */,
			);
			path = MyNotes;
			sourceTree = "<group>";
		};
		E19160FB2706EC2700EFC56F /* Model */ = {
			isa = PBXGroup;
			children = (
				E14797462707499300C01B0F /* Note+CoreDataClass.swift */,
				E14797472707499300C01B0F /* Note+CoreDataProperties.swift */,
			);
			path = Model;
			sourceTree = "<group>";
		};
		E19160FD2706EC4400EFC56F /* View */ = {
			isa = PBXGroup;
			children = (
				E1837CBF2706F34700643EA8 /* MyNotes */,
			);
			path = View;
			sourceTree = "<group>";
		};
		E19160FE2706EC4C00EFC56F /* ViewModel */ = {
			isa = PBXGroup;
			children = (
			);
			path = ViewModel;
			sourceTree = "<group>";
		};
		E19160FF2706EC9900EFC56F /* Controller */ = {
			isa = PBXGroup;
			children = (
				E1837CC02706F35400643EA8 /* MyNotes */,
			);
			path = Controller;
			sourceTree = "<group>";
		};
		E19161002706ED5000EFC56F /* Application */ = {
			isa = PBXGroup;
			children = (
				E151D3B52706E5F30032444E /* AppDelegate.swift */,
				E151D3B72706E5F30032444E /* SceneDelegate.swift */,
			);
			path = Application;
			sourceTree = "<group>";
		};
		E19161012706ED7200EFC56F /* Others */ = {
			isa = PBXGroup;
			children = (
				E151D3C12706E5F40032444E /* Assets.xcassets */,
				E151D3C62706E5F40032444E /* Info.plist */,
				E151D3C32706E5F40032444E /* LaunchScreen.storyboard */,
			);
			path = Others;
			sourceTree = "<group>";
		};
/* End PBXGroup section */

/* Begin PBXNativeTarget section */
		E151D3B12706E5F30032444E /* Notes */ = {
			isa = PBXNativeTarget;
			buildConfigurationList = E151D3C92706E5F40032444E /* Build configuration list for PBXNativeTarget "Notes" */;
			buildPhases = (
				E151D3AE2706E5F30032444E /* Sources */,
				E151D3AF2706E5F30032444E /* Frameworks */,
				E151D3B02706E5F30032444E /* Resources */,
			);
			buildRules = (
			);
			dependencies = (
			);
			name = Notes;
			productName = Notes;
			productReference = E151D3B22706E5F30032444E /* Notes.app */;
			productType = "com.apple.product-type.application";
		};
/* End PBXNativeTarget section */

/* Begin PBXProject section */
		E151D3AA2706E5F30032444E /* Project object */ = {
			isa = PBXProject;
			attributes = {
				BuildIndependentTargetsInParallel = 1;
				LastSwiftUpdateCheck = 1300;
				LastUpgradeCheck = 1300;
				TargetAttributes = {
					E151D3B12706E5F30032444E = {
						CreatedOnToolsVersion = 13.0;
					};
				};
			};
			buildConfigurationList = E151D3AD2706E5F30032444E /* Build configuration list for PBXProject "Notes" */;
			compatibilityVersion = "Xcode 13.0";
			developmentRegion = en;
			hasScannedForEncodings = 0;
			knownRegions = (
				en,
				Base,
			);
			mainGroup = E151D3A92706E5F30032444E;
			productRefGroup = E151D3B32706E5F30032444E /* Products */;
			projectDirPath = "";
			projectRoot = "";
			targets = (
				E151D3B12706E5F30032444E /* Notes */,
			);
		};
/* End PBXProject section */

/* Begin PBXResourcesBuildPhase section */
		E151D3B02706E5F30032444E /* Resources */ = {
			isa = PBXResourcesBuildPhase;
			buildActionMask = 2147483647;
			files = (
				E151D3C52706E5F40032444E /* LaunchScreen.storyboard in Resources */,
				E151D3C22706E5F40032444E /* Assets.xcassets in Resources */,
			);
			runOnlyForDeploymentPostprocessing = 0;
		};
/* End PBXResourcesBuildPhase section */

/* Begin PBXSourcesBuildPhase section */
		E151D3AE2706E5F30032444E /* Sources */ = {
			isa = PBXSourcesBuildPhase;
			buildActionMask = 2147483647;
			files = (
				E151D3B62706E5F30032444E /* AppDelegate.swift in Sources */,
				E14797492707499300C01B0F /* Note+CoreDataProperties.swift in Sources */,
				E151D3B82706E5F30032444E /* SceneDelegate.swift in Sources */,
				E1837CC22706F36300643EA8 /* MyNotesView.swift in Sources */,
				E14797482707499300C01B0F /* Note+CoreDataClass.swift in Sources */,
				E1837CC42706F38E00643EA8 /* MyNotesViewController.swift in Sources */,
				E151D3C02706E5F30032444E /* Notes.xcdatamodeld in Sources */,
			);
			runOnlyForDeploymentPostprocessing = 0;
		};
/* End PBXSourcesBuildPhase section */

/* Begin PBXVariantGroup section */
		E151D3C32706E5F40032444E /* LaunchScreen.storyboard */ = {
			isa = PBXVariantGroup;
			children = (
				E151D3C42706E5F40032444E /* Base */,
			);
			name = LaunchScreen.storyboard;
			sourceTree = "<group>";
		};
/* End PBXVariantGroup section */

/* Begin XCBuildConfiguration section */
		E151D3C72706E5F40032444E /* Debug */ = {
			isa = XCBuildConfiguration;
			buildSettings = {
				ALWAYS_SEARCH_USER_PATHS = NO;
				CLANG_ANALYZER_NONNULL = YES;
				CLANG_ANALYZER_NUMBER_OBJECT_CONVERSION = YES_AGGRESSIVE;
				CLANG_CXX_LANGUAGE_STANDARD = "gnu++17";
				CLANG_CXX_LIBRARY = "libc++";
				CLANG_ENABLE_MODULES = YES;
				CLANG_ENABLE_OBJC_ARC = YES;
				CLANG_ENABLE_OBJC_WEAK = YES;
				CLANG_WARN_BLOCK_CAPTURE_AUTORELEASING = YES;
				CLANG_WARN_BOOL_CONVERSION = YES;
				CLANG_WARN_COMMA = YES;
				CLANG_WARN_CONSTANT_CONVERSION = YES;
				CLANG_WARN_DEPRECATED_OBJC_IMPLEMENTATIONS = YES;
				CLANG_WARN_DIRECT_OBJC_ISA_USAGE = YES_ERROR;
				CLANG_WARN_DOCUMENTATION_COMMENTS = YES;
				CLANG_WARN_EMPTY_BODY = YES;
				CLANG_WARN_ENUM_CONVERSION = YES;
				CLANG_WARN_INFINITE_RECURSION = YES;
				CLANG_WARN_INT_CONVERSION = YES;
				CLANG_WARN_NON_LITERAL_NULL_CONVERSION = YES;
				CLANG_WARN_OBJC_IMPLICIT_RETAIN_SELF = YES;
				CLANG_WARN_OBJC_LITERAL_CONVERSION = YES;
				CLANG_WARN_OBJC_ROOT_CLASS = YES_ERROR;
				CLANG_WARN_QUOTED_INCLUDE_IN_FRAMEWORK_HEADER = YES;
				CLANG_WARN_RANGE_LOOP_ANALYSIS = YES;
				CLANG_WARN_STRICT_PROTOTYPES = YES;
				CLANG_WARN_SUSPICIOUS_MOVE = YES;
				CLANG_WARN_UNGUARDED_AVAILABILITY = YES_AGGRESSIVE;
				CLANG_WARN_UNREACHABLE_CODE = YES;
				CLANG_WARN__DUPLICATE_METHOD_MATCH = YES;
				COPY_PHASE_STRIP = NO;
				DEBUG_INFORMATION_FORMAT = dwarf;
				ENABLE_STRICT_OBJC_MSGSEND = YES;
				ENABLE_TESTABILITY = YES;
				GCC_C_LANGUAGE_STANDARD = gnu11;
				GCC_DYNAMIC_NO_PIC = NO;
				GCC_NO_COMMON_BLOCKS = YES;
				GCC_OPTIMIZATION_LEVEL = 0;
				GCC_PREPROCESSOR_DEFINITIONS = (
					"DEBUG=1",
					"$(inherited)",
				);
				GCC_WARN_64_TO_32_BIT_CONVERSION = YES;
				GCC_WARN_ABOUT_RETURN_TYPE = YES_ERROR;
				GCC_WARN_UNDECLARED_SELECTOR = YES;
				GCC_WARN_UNINITIALIZED_AUTOS = YES_AGGRESSIVE;
				GCC_WARN_UNUSED_FUNCTION = YES;
				GCC_WARN_UNUSED_VARIABLE = YES;
				IPHONEOS_DEPLOYMENT_TARGET = 15.0;
				MTL_ENABLE_DEBUG_INFO = INCLUDE_SOURCE;
				MTL_FAST_MATH = YES;
				ONLY_ACTIVE_ARCH = YES;
				SDKROOT = iphoneos;
				SWIFT_ACTIVE_COMPILATION_CONDITIONS = DEBUG;
				SWIFT_OPTIMIZATION_LEVEL = "-Onone";
			};
			name = Debug;
		};
		E151D3C82706E5F40032444E /* Release */ = {
			isa = XCBuildConfiguration;
			buildSettings = {
				ALWAYS_SEARCH_USER_PATHS = NO;
				CLANG_ANALYZER_NONNULL = YES;
				CLANG_ANALYZER_NUMBER_OBJECT_CONVERSION = YES_AGGRESSIVE;
				CLANG_CXX_LANGUAGE_STANDARD = "gnu++17";
				CLANG_CXX_LIBRARY = "libc++";
				CLANG_ENABLE_MODULES = YES;
				CLANG_ENABLE_OBJC_ARC = YES;
				CLANG_ENABLE_OBJC_WEAK = YES;
				CLANG_WARN_BLOCK_CAPTURE_AUTORELEASING = YES;
				CLANG_WARN_BOOL_CONVERSION = YES;
				CLANG_WARN_COMMA = YES;
				CLANG_WARN_CONSTANT_CONVERSION = YES;
				CLANG_WARN_DEPRECATED_OBJC_IMPLEMENTATIONS = YES;
				CLANG_WARN_DIRECT_OBJC_ISA_USAGE = YES_ERROR;
				CLANG_WARN_DOCUMENTATION_COMMENTS = YES;
				CLANG_WARN_EMPTY_BODY = YES;
				CLANG_WARN_ENUM_CONVERSION = YES;
				CLANG_WARN_INFINITE_RECURSION = YES;
				CLANG_WARN_INT_CONVERSION = YES;
				CLANG_WARN_NON_LITERAL_NULL_CONVERSION = YES;
				CLANG_WARN_OBJC_IMPLICIT_RETAIN_SELF = YES;
				CLANG_WARN_OBJC_LITERAL_CONVERSION = YES;
				CLANG_WARN_OBJC_ROOT_CLASS = YES_ERROR;
				CLANG_WARN_QUOTED_INCLUDE_IN_FRAMEWORK_HEADER = YES;
				CLANG_WARN_RANGE_LOOP_ANALYSIS = YES;
				CLANG_WARN_STRICT_PROTOTYPES = YES;
				CLANG_WARN_SUSPICIOUS_MOVE = YES;
				CLANG_WARN_UNGUARDED_AVAILABILITY = YES_AGGRESSIVE;
				CLANG_WARN_UNREACHABLE_CODE = YES;
				CLANG_WARN__DUPLICATE_METHOD_MATCH = YES;
				COPY_PHASE_STRIP = NO;
				DEBUG_INFORMATION_FORMAT = "dwarf-with-dsym";
				ENABLE_NS_ASSERTIONS = NO;
				ENABLE_STRICT_OBJC_MSGSEND = YES;
				GCC_C_LANGUAGE_STANDARD = gnu11;
				GCC_NO_COMMON_BLOCKS = YES;
				GCC_WARN_64_TO_32_BIT_CONVERSION = YES;
				GCC_WARN_ABOUT_RETURN_TYPE = YES_ERROR;
				GCC_WARN_UNDECLARED_SELECTOR = YES;
				GCC_WARN_UNINITIALIZED_AUTOS = YES_AGGRESSIVE;
				GCC_WARN_UNUSED_FUNCTION = YES;
				GCC_WARN_UNUSED_VARIABLE = YES;
				IPHONEOS_DEPLOYMENT_TARGET = 15.0;
				MTL_ENABLE_DEBUG_INFO = NO;
				MTL_FAST_MATH = YES;
				SDKROOT = iphoneos;
				SWIFT_COMPILATION_MODE = wholemodule;
				SWIFT_OPTIMIZATION_LEVEL = "-O";
				VALIDATE_PRODUCT = YES;
			};
			name = Release;
		};
		E151D3CA2706E5F40032444E /* Debug */ = {
			isa = XCBuildConfiguration;
			buildSettings = {
				ASSETCATALOG_COMPILER_APPICON_NAME = AppIcon;
				ASSETCATALOG_COMPILER_GLOBAL_ACCENT_COLOR_NAME = AccentColor;
				CODE_SIGN_STYLE = Automatic;
				CURRENT_PROJECT_VERSION = 1;
				DEVELOPMENT_TEAM = 57RA7SGH3Y;
				GENERATE_INFOPLIST_FILE = YES;
				INFOPLIST_FILE = Notes/Others/Info.plist;
				INFOPLIST_KEY_UIApplicationSupportsIndirectInputEvents = YES;
				INFOPLIST_KEY_UILaunchStoryboardName = LaunchScreen;
				INFOPLIST_KEY_UISupportedInterfaceOrientations = UIInterfaceOrientationPortrait;
				INFOPLIST_KEY_UISupportedInterfaceOrientations_iPad = "UIInterfaceOrientationPortrait UIInterfaceOrientationPortraitUpsideDown UIInterfaceOrientationLandscapeLeft UIInterfaceOrientationLandscapeRight";
				INFOPLIST_KEY_UISupportedInterfaceOrientations_iPhone = "UIInterfaceOrientationPortrait UIInterfaceOrientationLandscapeLeft UIInterfaceOrientationLandscapeRight";
				IPHONEOS_DEPLOYMENT_TARGET = 14.0;
				LD_RUNPATH_SEARCH_PATHS = (
					"$(inherited)",
					"@executable_path/Frameworks",
				);
				MARKETING_VERSION = 1.0;
				PRODUCT_BUNDLE_IDENTIFIER = com.101tech.Notes;
				PRODUCT_NAME = "$(TARGET_NAME)";
				SWIFT_EMIT_LOC_STRINGS = YES;
				SWIFT_VERSION = 5.0;
				TARGETED_DEVICE_FAMILY = 1;
			};
			name = Debug;
		};
		E151D3CB2706E5F40032444E /* Release */ = {
			isa = XCBuildConfiguration;
			buildSettings = {
				ASSETCATALOG_COMPILER_APPICON_NAME = AppIcon;
				ASSETCATALOG_COMPILER_GLOBAL_ACCENT_COLOR_NAME = AccentColor;
				CODE_SIGN_STYLE = Automatic;
				CURRENT_PROJECT_VERSION = 1;
				DEVELOPMENT_TEAM = 57RA7SGH3Y;
				GENERATE_INFOPLIST_FILE = YES;
				INFOPLIST_FILE = Notes/Others/Info.plist;
				INFOPLIST_KEY_UIApplicationSupportsIndirectInputEvents = YES;
				INFOPLIST_KEY_UILaunchStoryboardName = LaunchScreen;
				INFOPLIST_KEY_UISupportedInterfaceOrientations = UIInterfaceOrientationPortrait;
				INFOPLIST_KEY_UISupportedInterfaceOrientations_iPad = "UIInterfaceOrientationPortrait UIInterfaceOrientationPortraitUpsideDown UIInterfaceOrientationLandscapeLeft UIInterfaceOrientationLandscapeRight";
				INFOPLIST_KEY_UISupportedInterfaceOrientations_iPhone = "UIInterfaceOrientationPortrait UIInterfaceOrientationLandscapeLeft UIInterfaceOrientationLandscapeRight";
				IPHONEOS_DEPLOYMENT_TARGET = 14.0;
				LD_RUNPATH_SEARCH_PATHS = (
					"$(inherited)",
					"@executable_path/Frameworks",
				);
				MARKETING_VERSION = 1.0;
				PRODUCT_BUNDLE_IDENTIFIER = com.101tech.Notes;
				PRODUCT_NAME = "$(TARGET_NAME)";
				SWIFT_EMIT_LOC_STRINGS = YES;
				SWIFT_VERSION = 5.0;
				TARGETED_DEVICE_FAMILY = 1;
			};
			name = Release;
		};
/* End XCBuildConfiguration section */

/* Begin XCConfigurationList section */
		E151D3AD2706E5F30032444E /* Build configuration list for PBXProject "Notes" */ = {
			isa = XCConfigurationList;
			buildConfigurations = (
				E151D3C72706E5F40032444E /* Debug */,
				E151D3C82706E5F40032444E /* Release */,
			);
			defaultConfigurationIsVisible = 0;
			defaultConfigurationName = Release;
		};
		E151D3C92706E5F40032444E /* Build configuration list for PBXNativeTarget "Notes" */ = {
			isa = XCConfigurationList;
			buildConfigurations = (
				E151D3CA2706E5F40032444E /* Debug */,
				E151D3CB2706E5F40032444E /* Release */,
			);
			defaultConfigurationIsVisible = 0;
			defaultConfigurationName = Release;
		};
/* End XCConfigurationList section */

/* Begin XCVersionGroup section */
		E151D3BE2706E5F30032444E /* Notes.xcdatamodeld */ = {
			isa = XCVersionGroup;
			children = (
				E151D3BF2706E5F30032444E /* Notes.xcdatamodel */,
			);
			currentVersion = E151D3BF2706E5F30032444E /* Notes.xcdatamodel */;
			path = Notes.xcdatamodeld;
			sourceTree = "<group>";
			versionGroupType = wrapper.xcdatamodel;
		};
/* End XCVersionGroup section */
	};
	rootObject = E151D3AA2706E5F30032444E /* Project object */;
}
